
Microsoft Visual Studio Solution File, Format Version 12.00
# Visual Studio 14
VisualStudioVersion = 14.0.23107.0
MinimumVisualStudioVersion = 10.0.40219.1
Project("{8BC9CEB8-8B4A-11D0-8D11-00A0C91BC942}") = "con4_simple", "con4_simple\Project1.vcxproj", "{12E6182F-6F96-4045-B962-753525EC8C3D}"
EndProject
Project("{8BC9CEB8-8B4A-11D0-8D11-00A0C91BC942}") = "test", "test\test.vcxproj", "{78CAD842-0463-4FE0-8357-86DAD2C14BC8}"
EndProject
Project("{8BC9CEB8-8B4A-11D0-8D11-00A0C91BC942}") = "true_minimax_simple", "true_minimax_simple\true_minimax_simple.vcxproj", "{2835A2B2-F0BD-4133-AE56-7C8E7E4B08FB}"
EndProject
Project("{8BC9CEB8-8B4A-11D0-8D11-00A0C91BC942}") = "host", "host\host.vcxproj", "{400525B0-69CA-4FD9-A1D2-A565E923084E}"
EndProject
Project("{8BC9CEB8-8B4A-11D0-8D11-00A0C91BC942}") = "con4_nn", "con4_nn\con4_nn.vcxproj", "{3A7C9DA2-CFCC-4BB4-A42C-7E998CAE8751}"
EndProject
Global
	GlobalSection(SolutionConfigurationPlatforms) = preSolution
		Debug|x64 = Debug|x64
		Debug|x86 = Debug|x86
		Release|x64 = Release|x64
		Release|x86 = Release|x86
	EndGlobalSection
	GlobalSection(ProjectConfigurationPlatforms) = postSolution
		{12E6182F-6F96-4045-B962-753525EC8C3D}.Debug|x64.ActiveCfg = Debug|x64
		{12E6182F-6F96-4045-B962-753525EC8C3D}.Debug|x64.Build.0 = Debug|x64
		{12E6182F-6F96-4045-B962-753525EC8C3D}.Debug|x86.ActiveCfg = Debug|Win32
		{12E6182F-6F96-4045-B962-753525EC8C3D}.Debug|x86.Build.0 = Debug|Win32
		{12E6182F-6F96-4045-B962-753525EC8C3D}.Release|x64.ActiveCfg = Release|x64
		{12E6182F-6F96-4045-B962-753525EC8C3D}.Release|x64.Build.0 = Release|x64
		{12E6182F-6F96-4045-B962-753525EC8C3D}.Release|x86.ActiveCfg = Release|Win32
		{12E6182F-6F96-4045-B962-753525EC8C3D}.Release|x86.Build.0 = Release|Win32
		{78CAD842-0463-4FE0-8357-86DAD2C14BC8}.Debug|x64.ActiveCfg = Debug|x64
		{78CAD842-0463-4FE0-8357-86DAD2C14BC8}.Debug|x64.Build.0 = Debug|x64
		{78CAD842-0463-4FE0-8357-86DAD2C14BC8}.Debug|x86.ActiveCfg = Debug|Win32
		{78CAD842-0463-4FE0-8357-86DAD2C14BC8}.Debug|x86.Build.0 = Debug|Win32
		{78CAD842-0463-4FE0-8357-86DAD2C14BC8}.Release|x64.ActiveCfg = Release|x64
		{78CAD842-0463-4FE0-8357-86DAD2C14BC8}.Release|x64.Build.0 = Release|x64
		{78CAD842-0463-4FE0-8357-86DAD2C14BC8}.Release|x86.ActiveCfg = Release|Win32
		{78CAD842-0463-4FE0-8357-86DAD2C14BC8}.Release|x86.Build.0 = Release|Win32
		{2835A2B2-F0BD-4133-AE56-7C8E7E4B08FB}.Debug|x64.ActiveCfg = Debug|x64
		{2835A2B2-F0BD-4133-AE56-7C8E7E4B08FB}.Debug|x64.Build.0 = Debug|x64
		{2835A2B2-F0BD-4133-AE56-7C8E7E4B08FB}.Debug|x86.ActiveCfg = Debug|Win32
		{2835A2B2-F0BD-4133-AE56-7C8E7E4B08FB}.Debug|x86.Build.0 = Debug|Win32
		{2835A2B2-F0BD-4133-AE56-7C8E7E4B08FB}.Release|x64.ActiveCfg = Release|x64
		{2835A2B2-F0BD-4133-AE56-7C8E7E4B08FB}.Release|x64.Build.0 = Release|x64
		{2835A2B2-F0BD-4133-AE56-7C8E7E4B08FB}.Release|x86.ActiveCfg = Release|Win32
		{2835A2B2-F0BD-4133-AE56-7C8E7E4B08FB}.Release|x86.Build.0 = Release|Win32
		{400525B0-69CA-4FD9-A1D2-A565E923084E}.Debug|x64.ActiveCfg = Debug|x64
		{400525B0-69CA-4FD9-A1D2-A565E923084E}.Debug|x64.Build.0 = Debug|x64
		{400525B0-69CA-4FD9-A1D2-A565E923084E}.Debug|x86.ActiveCfg = Debug|Win32
		{400525B0-69CA-4FD9-A1D2-A565E923084E}.Debug|x86.Build.0 = Debug|Win32
		{400525B0-69CA-4FD9-A1D2-A565E923084E}.Release|x64.ActiveCfg = Release|x64
		{400525B0-69CA-4FD9-A1D2-A565E923084E}.Release|x64.Build.0 = Release|x64
		{400525B0-69CA-4FD9-A1D2-A565E923084E}.Release|x86.ActiveCfg = Release|Win32
		{400525B0-69CA-4FD9-A1D2-A565E923084E}.Release|x86.Build.0 = Release|Win32
		{3A7C9DA2-CFCC-4BB4-A42C-7E998CAE8751}.Debug|x64.ActiveCfg = Debug|x64
		{3A7C9DA2-CFCC-4BB4-A42C-7E998CAE8751}.Debug|x64.Build.0 = Debug|x64
		{3A7C9DA2-CFCC-4BB4-A42C-7E998CAE8751}.Debug|x86.ActiveCfg = Debug|Win32
		{3A7C9DA2-CFCC-4BB4-A42C-7E998CAE8751}.Debug|x86.Build.0 = Debug|Win32
		{3A7C9DA2-CFCC-4BB4-A42C-7E998CAE8751}.Release|x64.ActiveCfg = Release|x64
		{3A7C9DA2-CFCC-4BB4-A42C-7E998CAE8751}.Release|x64.Build.0 = Release|x64
		{3A7C9DA2-CFCC-4BB4-A42C-7E998CAE8751}.Release|x86.ActiveCfg = Release|Win32
		{3A7C9DA2-CFCC-4BB4-A42C-7E998CAE8751}.Release|x86.Build.0 = Release|Win32
	EndGlobalSection
	GlobalSection(SolutionProperties) = preSolution
		HideSolutionNode = FALSE
	EndGlobalSection
EndGlobal
